
Microsoft Visual Studio Solution File, Format Version 12.00
# Visual Studio Version 17
VisualStudioVersion = 17.10.35201.131
MinimumVisualStudioVersion = 10.0.40219.1
Project("{FAE04EC0-301F-11D3-BF4B-00C04F79EFBC}") = "RoomTool", "RoomTool.csproj", "{85CE4615-DE89-492F-B9FE-788C0983BB70}"
EndProject
Global
	GlobalSection(SolutionConfigurationPlatforms) = preSolution
		Debug|Any CPU = Debug|Any CPU
		Release|Any CPU = Release|Any CPU
	EndGlobalSection
	GlobalSection(ProjectConfigurationPlatforms) = postSolution
		{85CE4615-DE89-492F-B9FE-788C0983BB70}.Debug|Any CPU.ActiveCfg = Debug|Any CPU
		{85CE4615-DE89-492F-B9FE-788C0983BB70}.Debug|Any CPU.Build.0 = Debug|Any CPU
		{85CE4615-DE89-492F-B9FE-788C0983BB70}.Release|Any CPU.ActiveCfg = Release|Any CPU
		{85CE4615-DE89-492F-B9FE-788C0983BB70}.Release|Any CPU.Build.0 = Release|Any CPU
	EndGlobalSection
	GlobalSection(SolutionProperties) = preSolution
		HideSolutionNode = FALSE
	EndGlobalSection
	GlobalSection(ExtensibilityGlobals) = postSolution
		SolutionGuid = {20997BE0-49A4-4181-ABA0-5CC7027D2483}
	EndGlobalSection
EndGlobal
